
Microsoft Visual Studio Solution File, Format Version 12.00
# Visual Studio Version 16
VisualStudioVersion = 16.0.29020.237
MinimumVisualStudioVersion = 10.0.40219.1
Project("{FAE04EC0-301F-11D3-BF4B-00C04F79EFBC}") = "ReactiveUI2", "ReactiveUI2.csproj", "{594864EF-D714-48D4-A33A-EA968C0D32EA}"
EndProject
Global
	GlobalSection(SolutionConfigurationPlatforms) = preSolution
		Debug|Any CPU = Debug|Any CPU
		Release|Any CPU = Release|Any CPU
	EndGlobalSection
	GlobalSection(ProjectConfigurationPlatforms) = postSolution
		{594864EF-D714-48D4-A33A-EA968C0D32EA}.Debug|Any CPU.ActiveCfg = Debug|Any CPU
		{594864EF-D714-48D4-A33A-EA968C0D32EA}.Debug|Any CPU.Build.0 = Debug|Any CPU
		{594864EF-D714-48D4-A33A-EA968C0D32EA}.Release|Any CPU.ActiveCfg = Release|Any CPU
		{594864EF-D714-48D4-A33A-EA968C0D32EA}.Release|Any CPU.Build.0 = Release|Any CPU
	EndGlobalSection
	GlobalSection(SolutionProperties) = preSolution
		HideSolutionNode = FALSE
	EndGlobalSection
	GlobalSection(ExtensibilityGlobals) = postSolution
		SolutionGuid = {C196A925-38A2-45F3-BDA1-F6500C03AB01}
	EndGlobalSection
EndGlobal
